
Microsoft Visual Studio Solution File, Format Version 12.00
# Visual Studio Version 17
VisualStudioVersion = 17.13.35818.85
MinimumVisualStudioVersion = 10.0.40219.1
Project("{FAE04EC0-301F-11D3-BF4B-00C04F79EFBC}") = "Notenliste", "Notenliste\Notenliste.csproj", "{D3EF3133-67E3-4573-A22B-8C82DA7ACB90}"
EndProject
Project("{FAE04EC0-301F-11D3-BF4B-00C04F79EFBC}") = "InheritanceBeginnings", "InheritanceBeginnings\InheritanceBeginnings.csproj", "{FD60F1F8-5655-44B9-AAFD-6BC032C6A0D1}"
EndProject
Global
	GlobalSection(SolutionConfigurationPlatforms) = preSolution
		Debug|Any CPU = Debug|Any CPU
		Release|Any CPU = Release|Any CPU
	EndGlobalSection
	GlobalSection(ProjectConfigurationPlatforms) = postSolution
		{D3EF3133-67E3-4573-A22B-8C82DA7ACB90}.Debug|Any CPU.ActiveCfg = Debug|Any CPU
		{D3EF3133-67E3-4573-A22B-8C82DA7ACB90}.Debug|Any CPU.Build.0 = Debug|Any CPU
		{D3EF3133-67E3-4573-A22B-8C82DA7ACB90}.Release|Any CPU.ActiveCfg = Release|Any CPU
		{D3EF3133-67E3-4573-A22B-8C82DA7ACB90}.Release|Any CPU.Build.0 = Release|Any CPU
		{FD60F1F8-5655-44B9-AAFD-6BC032C6A0D1}.Debug|Any CPU.ActiveCfg = Debug|Any CPU
		{FD60F1F8-5655-44B9-AAFD-6BC032C6A0D1}.Debug|Any CPU.Build.0 = Debug|Any CPU
		{FD60F1F8-5655-44B9-AAFD-6BC032C6A0D1}.Release|Any CPU.ActiveCfg = Release|Any CPU
		{FD60F1F8-5655-44B9-AAFD-6BC032C6A0D1}.Release|Any CPU.Build.0 = Release|Any CPU
	EndGlobalSection
	GlobalSection(SolutionProperties) = preSolution
		HideSolutionNode = FALSE
	EndGlobalSection
	GlobalSection(ExtensibilityGlobals) = postSolution
		SolutionGuid = {03A3C543-FA0A-47DE-8C25-025A24D036F2}
	EndGlobalSection
EndGlobal
